
Microsoft Visual Studio Solution File, Format Version 12.00
# Visual Studio 15
VisualStudioVersion = 15.0.26403.0
MinimumVisualStudioVersion = 10.0.40219.1
Project("{FAE04EC0-301F-11D3-BF4B-00C04F79EFBC}") = "AgeRangerWebApp", "AgeRangerWebApp\AgeRangerWebApp.csproj", "{5A6CACA9-1815-4A76-AB9B-048BD6351066}"
EndProject
Project("{FAE04EC0-301F-11D3-BF4B-00C04F79EFBC}") = "AgeRangerWebApp.Tests", "AgeRangerWebApp.Tests\AgeRangerWebApp.Tests.csproj", "{1D4833A3-3E43-471E-81C7-26F0DDF6E109}"
EndProject
Project("{FAE04EC0-301F-11D3-BF4B-00C04F79EFBC}") = "AgeRangerWebApi", "AgeRangerWebApi\AgeRangerWebApi.csproj", "{43B7BAFE-708B-43BF-9943-CBF360E1FBCD}"
EndProject
Project("{FAE04EC0-301F-11D3-BF4B-00C04F79EFBC}") = "AgeRangerWebApi.Tests", "AgeRangerWebApi.Tests\AgeRangerWebApi.Tests.csproj", "{E439768C-5D3C-4EF2-A71B-F6AC28AF903F}"
EndProject
Project("{FAE04EC0-301F-11D3-BF4B-00C04F79EFBC}") = "AgeRangerDO", "AgeRangerDO\AgeRangerDO.csproj", "{4D978A96-4324-4113-B375-53540D33D262}"
EndProject
Project("{FAE04EC0-301F-11D3-BF4B-00C04F79EFBC}") = "AgeRangerBO", "AgeRangerBO\AgeRangerBO.csproj", "{77899BB5-E4A6-41D8-8F53-E173FEBDE09A}"
EndProject
Project("{2150E333-8FDC-42A3-9474-1A3956D46DE8}") = "Test", "Test", "{51D60C0F-FD01-41D0-AE21-B05942F33BC0}"
EndProject
Project("{2150E333-8FDC-42A3-9474-1A3956D46DE8}") = "Business", "Business", "{845FB90D-51AC-4B43-AFFA-0F27B95F5433}"
EndProject
Project("{2150E333-8FDC-42A3-9474-1A3956D46DE8}") = "Data", "Data", "{0708BEFC-14C1-4691-B40E-A19D929496C8}"
EndProject
Project("{2150E333-8FDC-42A3-9474-1A3956D46DE8}") = "Presentation", "Presentation", "{3EE9BC6A-AD73-4462-B141-67A9157CAE76}"
EndProject
Project("{FAE04EC0-301F-11D3-BF4B-00C04F79EFBC}") = "AgeRangerDO.Tests", "AgeRangerDO.Tests\AgeRangerDO.Tests.csproj", "{79F39220-7FB7-41CF-9818-39A5166DE3C6}"
EndProject
Global
	GlobalSection(SolutionConfigurationPlatforms) = preSolution
		Debug|Any CPU = Debug|Any CPU
		Release|Any CPU = Release|Any CPU
	EndGlobalSection
	GlobalSection(ProjectConfigurationPlatforms) = postSolution
		{5A6CACA9-1815-4A76-AB9B-048BD6351066}.Debug|Any CPU.ActiveCfg = Debug|Any CPU
		{5A6CACA9-1815-4A76-AB9B-048BD6351066}.Debug|Any CPU.Build.0 = Debug|Any CPU
		{5A6CACA9-1815-4A76-AB9B-048BD6351066}.Release|Any CPU.ActiveCfg = Release|Any CPU
		{5A6CACA9-1815-4A76-AB9B-048BD6351066}.Release|Any CPU.Build.0 = Release|Any CPU
		{1D4833A3-3E43-471E-81C7-26F0DDF6E109}.Debug|Any CPU.ActiveCfg = Debug|Any CPU
		{1D4833A3-3E43-471E-81C7-26F0DDF6E109}.Debug|Any CPU.Build.0 = Debug|Any CPU
		{1D4833A3-3E43-471E-81C7-26F0DDF6E109}.Release|Any CPU.ActiveCfg = Release|Any CPU
		{1D4833A3-3E43-471E-81C7-26F0DDF6E109}.Release|Any CPU.Build.0 = Release|Any CPU
		{43B7BAFE-708B-43BF-9943-CBF360E1FBCD}.Debug|Any CPU.ActiveCfg = Debug|Any CPU
		{43B7BAFE-708B-43BF-9943-CBF360E1FBCD}.Debug|Any CPU.Build.0 = Debug|Any CPU
		{43B7BAFE-708B-43BF-9943-CBF360E1FBCD}.Release|Any CPU.ActiveCfg = Release|Any CPU
		{43B7BAFE-708B-43BF-9943-CBF360E1FBCD}.Release|Any CPU.Build.0 = Release|Any CPU
		{E439768C-5D3C-4EF2-A71B-F6AC28AF903F}.Debug|Any CPU.ActiveCfg = Debug|Any CPU
		{E439768C-5D3C-4EF2-A71B-F6AC28AF903F}.Debug|Any CPU.Build.0 = Debug|Any CPU
		{E439768C-5D3C-4EF2-A71B-F6AC28AF903F}.Release|Any CPU.ActiveCfg = Release|Any CPU
		{E439768C-5D3C-4EF2-A71B-F6AC28AF903F}.Release|Any CPU.Build.0 = Release|Any CPU
		{4D978A96-4324-4113-B375-53540D33D262}.Debug|Any CPU.ActiveCfg = Debug|Any CPU
		{4D978A96-4324-4113-B375-53540D33D262}.Debug|Any CPU.Build.0 = Debug|Any CPU
		{4D978A96-4324-4113-B375-53540D33D262}.Release|Any CPU.ActiveCfg = Release|Any CPU
		{4D978A96-4324-4113-B375-53540D33D262}.Release|Any CPU.Build.0 = Release|Any CPU
		{77899BB5-E4A6-41D8-8F53-E173FEBDE09A}.Debug|Any CPU.ActiveCfg = Debug|Any CPU
		{77899BB5-E4A6-41D8-8F53-E173FEBDE09A}.Debug|Any CPU.Build.0 = Debug|Any CPU
		{77899BB5-E4A6-41D8-8F53-E173FEBDE09A}.Release|Any CPU.ActiveCfg = Release|Any CPU
		{77899BB5-E4A6-41D8-8F53-E173FEBDE09A}.Release|Any CPU.Build.0 = Release|Any CPU
		{79F39220-7FB7-41CF-9818-39A5166DE3C6}.Debug|Any CPU.ActiveCfg = Debug|Any CPU
		{79F39220-7FB7-41CF-9818-39A5166DE3C6}.Debug|Any CPU.Build.0 = Debug|Any CPU
		{79F39220-7FB7-41CF-9818-39A5166DE3C6}.Release|Any CPU.ActiveCfg = Release|Any CPU
		{79F39220-7FB7-41CF-9818-39A5166DE3C6}.Release|Any CPU.Build.0 = Release|Any CPU
	EndGlobalSection
	GlobalSection(SolutionProperties) = preSolution
		HideSolutionNode = FALSE
	EndGlobalSection
	GlobalSection(NestedProjects) = preSolution
		{5A6CACA9-1815-4A76-AB9B-048BD6351066} = {3EE9BC6A-AD73-4462-B141-67A9157CAE76}
		{1D4833A3-3E43-471E-81C7-26F0DDF6E109} = {51D60C0F-FD01-41D0-AE21-B05942F33BC0}
		{43B7BAFE-708B-43BF-9943-CBF360E1FBCD} = {845FB90D-51AC-4B43-AFFA-0F27B95F5433}
		{E439768C-5D3C-4EF2-A71B-F6AC28AF903F} = {51D60C0F-FD01-41D0-AE21-B05942F33BC0}
		{4D978A96-4324-4113-B375-53540D33D262} = {0708BEFC-14C1-4691-B40E-A19D929496C8}
		{77899BB5-E4A6-41D8-8F53-E173FEBDE09A} = {845FB90D-51AC-4B43-AFFA-0F27B95F5433}
		{79F39220-7FB7-41CF-9818-39A5166DE3C6} = {51D60C0F-FD01-41D0-AE21-B05942F33BC0}
	EndGlobalSection
EndGlobal
